
Microsoft Visual Studio Solution File, Format Version 12.00
# Visual Studio Version 17
VisualStudioVersion = 17.7.34202.233
MinimumVisualStudioVersion = 10.0.40219.1
Project("{FAE04EC0-301F-11D3-BF4B-00C04F79EFBC}") = "SemillerosApp", "SemillerosApp\SemillerosApp.csproj", "{3B427191-8C90-4F27-B693-6FBD955831C5}"
EndProject
Global
	GlobalSection(SolutionConfigurationPlatforms) = preSolution
		Debug|Any CPU = Debug|Any CPU
		Debug|x64 = Debug|x64
		Release|Any CPU = Release|Any CPU
		Release|x64 = Release|x64
	EndGlobalSection
	GlobalSection(ProjectConfigurationPlatforms) = postSolution
		{3B427191-8C90-4F27-B693-6FBD955831C5}.Debug|Any CPU.ActiveCfg = Debug|Any CPU
		{3B427191-8C90-4F27-B693-6FBD955831C5}.Debug|Any CPU.Build.0 = Debug|Any CPU
		{3B427191-8C90-4F27-B693-6FBD955831C5}.Debug|x64.ActiveCfg = Debug|x64
		{3B427191-8C90-4F27-B693-6FBD955831C5}.Debug|x64.Build.0 = Debug|x64
		{3B427191-8C90-4F27-B693-6FBD955831C5}.Release|Any CPU.ActiveCfg = Release|Any CPU
		{3B427191-8C90-4F27-B693-6FBD955831C5}.Release|Any CPU.Build.0 = Release|Any CPU
		{3B427191-8C90-4F27-B693-6FBD955831C5}.Release|x64.ActiveCfg = Release|x64
		{3B427191-8C90-4F27-B693-6FBD955831C5}.Release|x64.Build.0 = Release|x64
	EndGlobalSection
	GlobalSection(SolutionProperties) = preSolution
		HideSolutionNode = FALSE
	EndGlobalSection
	GlobalSection(ExtensibilityGlobals) = postSolution
		SolutionGuid = {AFDE3923-1AC5-4259-A50C-D6FAACC0E127}
	EndGlobalSection
EndGlobal
